
Microsoft Visual Studio Solution File, Format Version 12.00
# Visual Studio Version 17
VisualStudioVersion = 17.3.32929.385
MinimumVisualStudioVersion = 10.0.40219.1
Project("{FAE04EC0-301F-11D3-BF4B-00C04F79EFBC}") = "Vocabulary", "Vocabulary\Vocabulary.csproj", "{0A8E43D6-894B-474B-BB52-36FFB73F95C9}"
EndProject
Project("{FAE04EC0-301F-11D3-BF4B-00C04F79EFBC}") = "Numbers", "Numbers\Numbers.csproj", "{F3A9759E-DF45-4E8F-BC98-3646B5B7BCAB}"
EndProject
Project("{FAE04EC0-301F-11D3-BF4B-00C04F79EFBC}") = "Variables", "Variables\Variables.csproj", "{49D3DFEC-FAA1-4B7B-B833-93F8FD9A1260}"
EndProject
Project("{FAE04EC0-301F-11D3-BF4B-00C04F79EFBC}") = "Formatting", "Formatting\Formatting.csproj", "{1DF588B7-CE96-4C24-88AF-C651ABC7C26A}"
EndProject
Project("{FAE04EC0-301F-11D3-BF4B-00C04F79EFBC}") = "Arguments", "Arguments\Arguments.csproj", "{C82E8F76-5AFE-43E0-A5D1-5FCF8DBAD21A}"
EndProject
Project("{FAE04EC0-301F-11D3-BF4B-00C04F79EFBC}") = "Exercise02", "Exercise02\Exercise02.csproj", "{666819C2-7611-4D61-8E0B-8D94D5275B43}"
EndProject
Global
	GlobalSection(SolutionConfigurationPlatforms) = preSolution
		Debug|Any CPU = Debug|Any CPU
		Release|Any CPU = Release|Any CPU
	EndGlobalSection
	GlobalSection(ProjectConfigurationPlatforms) = postSolution
		{0A8E43D6-894B-474B-BB52-36FFB73F95C9}.Debug|Any CPU.ActiveCfg = Debug|Any CPU
		{0A8E43D6-894B-474B-BB52-36FFB73F95C9}.Debug|Any CPU.Build.0 = Debug|Any CPU
		{0A8E43D6-894B-474B-BB52-36FFB73F95C9}.Release|Any CPU.ActiveCfg = Release|Any CPU
		{0A8E43D6-894B-474B-BB52-36FFB73F95C9}.Release|Any CPU.Build.0 = Release|Any CPU
		{F3A9759E-DF45-4E8F-BC98-3646B5B7BCAB}.Debug|Any CPU.ActiveCfg = Debug|Any CPU
		{F3A9759E-DF45-4E8F-BC98-3646B5B7BCAB}.Debug|Any CPU.Build.0 = Debug|Any CPU
		{F3A9759E-DF45-4E8F-BC98-3646B5B7BCAB}.Release|Any CPU.ActiveCfg = Release|Any CPU
		{F3A9759E-DF45-4E8F-BC98-3646B5B7BCAB}.Release|Any CPU.Build.0 = Release|Any CPU
		{49D3DFEC-FAA1-4B7B-B833-93F8FD9A1260}.Debug|Any CPU.ActiveCfg = Debug|Any CPU
		{49D3DFEC-FAA1-4B7B-B833-93F8FD9A1260}.Debug|Any CPU.Build.0 = Debug|Any CPU
		{49D3DFEC-FAA1-4B7B-B833-93F8FD9A1260}.Release|Any CPU.ActiveCfg = Release|Any CPU
		{49D3DFEC-FAA1-4B7B-B833-93F8FD9A1260}.Release|Any CPU.Build.0 = Release|Any CPU
		{1DF588B7-CE96-4C24-88AF-C651ABC7C26A}.Debug|Any CPU.ActiveCfg = Debug|Any CPU
		{1DF588B7-CE96-4C24-88AF-C651ABC7C26A}.Debug|Any CPU.Build.0 = Debug|Any CPU
		{1DF588B7-CE96-4C24-88AF-C651ABC7C26A}.Release|Any CPU.ActiveCfg = Release|Any CPU
		{1DF588B7-CE96-4C24-88AF-C651ABC7C26A}.Release|Any CPU.Build.0 = Release|Any CPU
		{C82E8F76-5AFE-43E0-A5D1-5FCF8DBAD21A}.Debug|Any CPU.ActiveCfg = Debug|Any CPU
		{C82E8F76-5AFE-43E0-A5D1-5FCF8DBAD21A}.Debug|Any CPU.Build.0 = Debug|Any CPU
		{C82E8F76-5AFE-43E0-A5D1-5FCF8DBAD21A}.Release|Any CPU.ActiveCfg = Release|Any CPU
		{C82E8F76-5AFE-43E0-A5D1-5FCF8DBAD21A}.Release|Any CPU.Build.0 = Release|Any CPU
		{666819C2-7611-4D61-8E0B-8D94D5275B43}.Debug|Any CPU.ActiveCfg = Debug|Any CPU
		{666819C2-7611-4D61-8E0B-8D94D5275B43}.Debug|Any CPU.Build.0 = Debug|Any CPU
		{666819C2-7611-4D61-8E0B-8D94D5275B43}.Release|Any CPU.ActiveCfg = Release|Any CPU
		{666819C2-7611-4D61-8E0B-8D94D5275B43}.Release|Any CPU.Build.0 = Release|Any CPU
	EndGlobalSection
	GlobalSection(SolutionProperties) = preSolution
		HideSolutionNode = FALSE
	EndGlobalSection
	GlobalSection(ExtensibilityGlobals) = postSolution
		SolutionGuid = {4CAC0A4C-E25A-43D1-833F-B48B36E46F18}
	EndGlobalSection
EndGlobal
