
Microsoft Visual Studio Solution File, Format Version 12.00
# Visual Studio Version 17
VisualStudioVersion = 17.3.32929.385
MinimumVisualStudioVersion = 10.0.40219.1
Project("{9A19103F-16F7-4668-BE54-9A1E7A4F7556}") = "zenLib", "zenLib\zenLib.csproj", "{AEE2BC39-AF0B-4ADD-B40B-CE178C778F12}"
EndProject
Project("{9A19103F-16F7-4668-BE54-9A1E7A4F7556}") = "PeopleApp", "PeopleApp\PeopleApp.csproj", "{B6EE751B-D984-4346-821E-FB20E4935F25}"
EndProject
Project("{FAE04EC0-301F-11D3-BF4B-00C04F79EFBC}") = "PacktLibraryModern", "PacktLibraryModern\PacktLibraryModern.csproj", "{C7D203DF-21D1-438A-8C9C-1999F38B7C0C}"
EndProject
Global
	GlobalSection(SolutionConfigurationPlatforms) = preSolution
		Debug|Any CPU = Debug|Any CPU
		Release|Any CPU = Release|Any CPU
	EndGlobalSection
	GlobalSection(ProjectConfigurationPlatforms) = postSolution
		{AEE2BC39-AF0B-4ADD-B40B-CE178C778F12}.Debug|Any CPU.ActiveCfg = Debug|Any CPU
		{AEE2BC39-AF0B-4ADD-B40B-CE178C778F12}.Debug|Any CPU.Build.0 = Debug|Any CPU
		{AEE2BC39-AF0B-4ADD-B40B-CE178C778F12}.Release|Any CPU.ActiveCfg = Release|Any CPU
		{AEE2BC39-AF0B-4ADD-B40B-CE178C778F12}.Release|Any CPU.Build.0 = Release|Any CPU
		{B6EE751B-D984-4346-821E-FB20E4935F25}.Debug|Any CPU.ActiveCfg = Debug|Any CPU
		{B6EE751B-D984-4346-821E-FB20E4935F25}.Debug|Any CPU.Build.0 = Debug|Any CPU
		{B6EE751B-D984-4346-821E-FB20E4935F25}.Release|Any CPU.ActiveCfg = Release|Any CPU
		{B6EE751B-D984-4346-821E-FB20E4935F25}.Release|Any CPU.Build.0 = Release|Any CPU
		{C7D203DF-21D1-438A-8C9C-1999F38B7C0C}.Debug|Any CPU.ActiveCfg = Debug|Any CPU
		{C7D203DF-21D1-438A-8C9C-1999F38B7C0C}.Debug|Any CPU.Build.0 = Debug|Any CPU
		{C7D203DF-21D1-438A-8C9C-1999F38B7C0C}.Release|Any CPU.ActiveCfg = Release|Any CPU
		{C7D203DF-21D1-438A-8C9C-1999F38B7C0C}.Release|Any CPU.Build.0 = Release|Any CPU
	EndGlobalSection
	GlobalSection(SolutionProperties) = preSolution
		HideSolutionNode = FALSE
	EndGlobalSection
	GlobalSection(ExtensibilityGlobals) = postSolution
		SolutionGuid = {81D8964D-3B5E-4F45-84B6-30F9902F411C}
	EndGlobalSection
EndGlobal
